// !$*UTF8*$!
{
	archiveVersion = 1;
	classes = {
	};
	objectVersion = 55;
	objects = {

/* Begin PBXBuildFile section */
		172D5CF82886C12B00F65D5C /* Item.swift in Sources */ = {isa = PBXBuildFile; fileRef = 172D5CF72886C12B00F65D5C /* Item.swift */; };
		172D5CFB2886C19000F65D5C /* SignInView.swift in Sources */ = {isa = PBXBuildFile; fileRef = 172D5CFA2886C19000F65D5C /* SignInView.swift */; };
		172D5CFD2886C1B400F65D5C /* SignupView.swift in Sources */ = {isa = PBXBuildFile; fileRef = 172D5CFC2886C1B400F65D5C /* SignupView.swift */; };
		172D5CFF2886C23900F65D5C /* MainView.swift in Sources */ = {isa = PBXBuildFile; fileRef = 172D5CFE2886C23900F65D5C /* MainView.swift */; };
		1788982B2886BE2F00B3E568 /* FireBase_TemplateApp.swift in Sources */ = {isa = PBXBuildFile; fileRef = 1788982A2886BE2F00B3E568 /* FireBase_TemplateApp.swift */; };
		1788982F2886BE3000B3E568 /* Assets.xcassets in Resources */ = {isa = PBXBuildFile; fileRef = 1788982E2886BE3000B3E568 /* Assets.xcassets */; };
		178898322886BE3000B3E568 /* Preview Assets.xcassets in Resources */ = {isa = PBXBuildFile; fileRef = 178898312886BE3000B3E568 /* Preview Assets.xcassets */; };
		1788983E2886BE9100B3E568 /* HomeView.swift in Sources */ = {isa = PBXBuildFile; fileRef = 1788983D2886BE9100B3E568 /* HomeView.swift */; };
		17A7EB042888081B006656AE /* addView.swift in Sources */ = {isa = PBXBuildFile; fileRef = 17A7EB032888081B006656AE /* addView.swift */; };
		17A7EB0728880EDF006656AE /* itemsListView.swift in Sources */ = {isa = PBXBuildFile; fileRef = 17A7EB0628880EDF006656AE /* itemsListView.swift */; };
/* End PBXBuildFile section */

/* Begin PBXFileReference section */
		172D5CF72886C12B00F65D5C /* Item.swift */ = {isa = PBXFileReference; lastKnownFileType = sourcecode.swift; path = Item.swift; sourceTree = "<group>"; };
		172D5CFA2886C19000F65D5C /* SignInView.swift */ = {isa = PBXFileReference; lastKnownFileType = sourcecode.swift; path = SignInView.swift; sourceTree = "<group>"; };
		172D5CFC2886C1B400F65D5C /* SignupView.swift */ = {isa = PBXFileReference; lastKnownFileType = sourcecode.swift; path = SignupView.swift; sourceTree = "<group>"; };
		172D5CFE2886C23900F65D5C /* MainView.swift */ = {isa = PBXFileReference; lastKnownFileType = sourcecode.swift; path = MainView.swift; sourceTree = "<group>"; };
		178898272886BE2F00B3E568 /* FireBase-Template.app */ = {isa = PBXFileReference; explicitFileType = wrapper.application; includeInIndex = 0; path = "FireBase-Template.app"; sourceTree = BUILT_PRODUCTS_DIR; };
		1788982A2886BE2F00B3E568 /* FireBase_TemplateApp.swift */ = {isa = PBXFileReference; lastKnownFileType = sourcecode.swift; path = FireBase_TemplateApp.swift; sourceTree = "<group>"; };
		1788982E2886BE3000B3E568 /* Assets.xcassets */ = {isa = PBXFileReference; lastKnownFileType = folder.assetcatalog; path = Assets.xcassets; sourceTree = "<group>"; };
		178898312886BE3000B3E568 /* Preview Assets.xcassets */ = {isa = PBXFileReference; lastKnownFileType = folder.assetcatalog; path = "Preview Assets.xcassets"; sourceTree = "<group>"; };
		1788983D2886BE9100B3E568 /* HomeView.swift */ = {isa = PBXFileReference; lastKnownFileType = sourcecode.swift; path = HomeView.swift; sourceTree = "<group>"; };
		17A7EB032888081B006656AE /* addView.swift */ = {isa = PBXFileReference; lastKnownFileType = sourcecode.swift; path = addView.swift; sourceTree = "<group>"; };
		17A7EB0628880EDF006656AE /* itemsListView.swift */ = {isa = PBXFileReference; lastKnownFileType = sourcecode.swift; path = itemsListView.swift; sourceTree = "<group>"; };
/* End PBXFileReference section */

/* Begin PBXFrameworksBuildPhase section */
		178898242886BE2F00B3E568 /* Frameworks */ = {
			isa = PBXFrameworksBuildPhase;
			buildActionMask = 2147483647;
			files = (
			);
			runOnlyForDeploymentPostprocessing = 0;
		};
/* End PBXFrameworksBuildPhase section */

/* Begin PBXGroup section */
		172D5CF92886C14600F65D5C /* authentication */ = {
			isa = PBXGroup;
			children = (
				172D5CFA2886C19000F65D5C /* SignInView.swift */,
				172D5CFC2886C1B400F65D5C /* SignupView.swift */,
			);
			path = authentication;
			sourceTree = "<group>";
		};
		1788981E2886BE2F00B3E568 = {
			isa = PBXGroup;
			children = (
				178898292886BE2F00B3E568 /* FireBase-Template */,
				178898282886BE2F00B3E568 /* Products */,
			);
			sourceTree = "<group>";
		};
		178898282886BE2F00B3E568 /* Products */ = {
			isa = PBXGroup;
			children = (
				178898272886BE2F00B3E568 /* FireBase-Template.app */,
			);
			name = Products;
			sourceTree = "<group>";
		};
		178898292886BE2F00B3E568 /* FireBase-Template */ = {
			isa = PBXGroup;
			children = (
				1788983C2886BE6F00B3E568 /* ViewModel */,
				1788983B2886BE6700B3E568 /* Model */,
				1788983A2886BE6000B3E568 /* Views */,
				1788982A2886BE2F00B3E568 /* FireBase_TemplateApp.swift */,
				172D5CFE2886C23900F65D5C /* MainView.swift */,
				1788982E2886BE3000B3E568 /* Assets.xcassets */,
				178898302886BE3000B3E568 /* Preview Content */,
			);
			path = "FireBase-Template";
			sourceTree = "<group>";
		};
		178898302886BE3000B3E568 /* Preview Content */ = {
			isa = PBXGroup;
			children = (
				178898312886BE3000B3E568 /* Preview Assets.xcassets */,
			);
			path = "Preview Content";
			sourceTree = "<group>";
		};
		1788983A2886BE6000B3E568 /* Views */ = {
			isa = PBXGroup;
			children = (
				1788983D2886BE9100B3E568 /* HomeView.swift */,
				17A7EB0528880EB0006656AE /* Items */,
				172D5CF92886C14600F65D5C /* authentication */,
			);
			path = Views;
			sourceTree = "<group>";
		};
		1788983B2886BE6700B3E568 /* Model */ = {
			isa = PBXGroup;
			children = (
				172D5CF72886C12B00F65D5C /* Item.swift */,
			);
			path = Model;
			sourceTree = "<group>";
		};
		1788983C2886BE6F00B3E568 /* ViewModel */ = {
			isa = PBXGroup;
			children = (
			);
			path = ViewModel;
			sourceTree = "<group>";
		};
		17A7EB0528880EB0006656AE /* Items */ = {
			isa = PBXGroup;
			children = (
				17A7EB032888081B006656AE /* addView.swift */,
				17A7EB0628880EDF006656AE /* itemsListView.swift */,
			);
			path = Items;
			sourceTree = "<group>";
		};
/* End PBXGroup section */

/* Begin PBXNativeTarget section */
		178898262886BE2F00B3E568 /* FireBase-Template */ = {
			isa = PBXNativeTarget;
			buildConfigurationList = 178898352886BE3000B3E568 /* Build configuration list for PBXNativeTarget "FireBase-Template" */;
			buildPhases = (
				178898232886BE2F00B3E568 /* Sources */,
				178898242886BE2F00B3E568 /* Frameworks */,
				178898252886BE2F00B3E568 /* Resources */,
			);
			buildRules = (
			);
			dependencies = (
			);
			name = "FireBase-Template";
			productName = "FireBase-Template";
			productReference = 178898272886BE2F00B3E568 /* FireBase-Template.app */;
			productType = "com.apple.product-type.application";
		};
/* End PBXNativeTarget section */

/* Begin PBXProject section */
		1788981F2886BE2F00B3E568 /* Project object */ = {
			isa = PBXProject;
			attributes = {
				BuildIndependentTargetsInParallel = 1;
				LastSwiftUpdateCheck = 1340;
				LastUpgradeCheck = 1340;
				TargetAttributes = {
					178898262886BE2F00B3E568 = {
						CreatedOnToolsVersion = 13.4.1;
					};
				};
			};
			buildConfigurationList = 178898222886BE2F00B3E568 /* Build configuration list for PBXProject "FireBase-Template" */;
			compatibilityVersion = "Xcode 13.0";
			developmentRegion = en;
			hasScannedForEncodings = 0;
			knownRegions = (
				en,
				Base,
			);
			mainGroup = 1788981E2886BE2F00B3E568;
			productRefGroup = 178898282886BE2F00B3E568 /* Products */;
			projectDirPath = "";
			projectRoot = "";
			targets = (
				178898262886BE2F00B3E568 /* FireBase-Template */,
			);
		};
/* End PBXProject section */

/* Begin PBXResourcesBuildPhase section */
		178898252886BE2F00B3E568 /* Resources */ = {
			isa = PBXResourcesBuildPhase;
			buildActionMask = 2147483647;
			files = (
				178898322886BE3000B3E568 /* Preview Assets.xcassets in Resources */,
				1788982F2886BE3000B3E568 /* Assets.xcassets in Resources */,
			);
			runOnlyForDeploymentPostprocessing = 0;
		};
/* End PBXResourcesBuildPhase section */

/* Begin PBXSourcesBuildPhase section */
		178898232886BE2F00B3E568 /* Sources */ = {
			isa = PBXSourcesBuildPhase;
			buildActionMask = 2147483647;
			files = (
				1788982B2886BE2F00B3E568 /* FireBase_TemplateApp.swift in Sources */,
				172D5CFF2886C23900F65D5C /* MainView.swift in Sources */,
				172D5CF82886C12B00F65D5C /* Item.swift in Sources */,
				172D5CFB2886C19000F65D5C /* SignInView.swift in Sources */,
				1788983E2886BE9100B3E568 /* HomeView.swift in Sources */,
				172D5CFD2886C1B400F65D5C /* SignupView.swift in Sources */,
				17A7EB042888081B006656AE /* addView.swift in Sources */,
				17A7EB0728880EDF006656AE /* itemsListView.swift in Sources */,
			);
			runOnlyForDeploymentPostprocessing = 0;
		};
/* End PBXSourcesBuildPhase section */

/* Begin XCBuildConfiguration section */
		178898332886BE3000B3E568 /* Debug */ = {
			isa = XCBuildConfiguration;
			buildSettings = {
				ALWAYS_SEARCH_USER_PATHS = NO;
				CLANG_ANALYZER_NONNULL = YES;
				CLANG_ANALYZER_NUMBER_OBJECT_CONVERSION = YES_AGGRESSIVE;
				CLANG_CXX_LANGUAGE_STANDARD = "gnu++17";
				CLANG_ENABLE_MODULES = YES;
				CLANG_ENABLE_OBJC_ARC = YES;
				CLANG_ENABLE_OBJC_WEAK = YES;
				CLANG_WARN_BLOCK_CAPTURE_AUTORELEASING = YES;
				CLANG_WARN_BOOL_CONVERSION = YES;
				CLANG_WARN_COMMA = YES;
				CLANG_WARN_CONSTANT_CONVERSION = YES;
				CLANG_WARN_DEPRECATED_OBJC_IMPLEMENTATIONS = YES;
				CLANG_WARN_DIRECT_OBJC_ISA_USAGE = YES_ERROR;
				CLANG_WARN_DOCUMENTATION_COMMENTS = YES;
				CLANG_WARN_EMPTY_BODY = YES;
				CLANG_WARN_ENUM_CONVERSION = YES;
				CLANG_WARN_INFINITE_RECURSION = YES;
				CLANG_WARN_INT_CONVERSION = YES;
				CLANG_WARN_NON_LITERAL_NULL_CONVERSION = YES;
				CLANG_WARN_OBJC_IMPLICIT_RETAIN_SELF = YES;
				CLANG_WARN_OBJC_LITERAL_CONVERSION = YES;
				CLANG_WARN_OBJC_ROOT_CLASS = YES_ERROR;
				CLANG_WARN_QUOTED_INCLUDE_IN_FRAMEWORK_HEADER = YES;
				CLANG_WARN_RANGE_LOOP_ANALYSIS = YES;
				CLANG_WARN_STRICT_PROTOTYPES = YES;
				CLANG_WARN_SUSPICIOUS_MOVE = YES;
				CLANG_WARN_UNGUARDED_AVAILABILITY = YES_AGGRESSIVE;
				CLANG_WARN_UNREACHABLE_CODE = YES;
				CLANG_WARN__DUPLICATE_METHOD_MATCH = YES;
				COPY_PHASE_STRIP = NO;
				DEBUG_INFORMATION_FORMAT = dwarf;
				ENABLE_STRICT_OBJC_MSGSEND = YES;
				ENABLE_TESTABILITY = YES;
				GCC_C_LANGUAGE_STANDARD = gnu11;
				GCC_DYNAMIC_NO_PIC = NO;
				GCC_NO_COMMON_BLOCKS = YES;
				GCC_OPTIMIZATION_LEVEL = 0;
				GCC_PREPROCESSOR_DEFINITIONS = (
					"DEBUG=1",
					"$(inherited)",
				);
				GCC_WARN_64_TO_32_BIT_CONVERSION = YES;
				GCC_WARN_ABOUT_RETURN_TYPE = YES_ERROR;
				GCC_WARN_UNDECLARED_SELECTOR = YES;
				GCC_WARN_UNINITIALIZED_AUTOS = YES_AGGRESSIVE;
				GCC_WARN_UNUSED_FUNCTION = YES;
				GCC_WARN_UNUSED_VARIABLE = YES;
				IPHONEOS_DEPLOYMENT_TARGET = 15.5;
				MTL_ENABLE_DEBUG_INFO = INCLUDE_SOURCE;
				MTL_FAST_MATH = YES;
				ONLY_ACTIVE_ARCH = YES;
				SDKROOT = iphoneos;
				SWIFT_ACTIVE_COMPILATION_CONDITIONS = DEBUG;
				SWIFT_OPTIMIZATION_LEVEL = "-Onone";
			};
			name = Debug;
		};
		178898342886BE3000B3E568 /* Release */ = {
			isa = XCBuildConfiguration;
			buildSettings = {
				ALWAYS_SEARCH_USER_PATHS = NO;
				CLANG_ANALYZER_NONNULL = YES;
				CLANG_ANALYZER_NUMBER_OBJECT_CONVERSION = YES_AGGRESSIVE;
				CLANG_CXX_LANGUAGE_STANDARD = "gnu++17";
				CLANG_ENABLE_MODULES = YES;
				CLANG_ENABLE_OBJC_ARC = YES;
				CLANG_ENABLE_OBJC_WEAK = YES;
				CLANG_WARN_BLOCK_CAPTURE_AUTORELEASING = YES;
				CLANG_WARN_BOOL_CONVERSION = YES;
				CLANG_WARN_COMMA = YES;
				CLANG_WARN_CONSTANT_CONVERSION = YES;
				CLANG_WARN_DEPRECATED_OBJC_IMPLEMENTATIONS = YES;
				CLANG_WARN_DIRECT_OBJC_ISA_USAGE = YES_ERROR;
				CLANG_WARN_DOCUMENTATION_COMMENTS = YES;
				CLANG_WARN_EMPTY_BODY = YES;
				CLANG_WARN_ENUM_CONVERSION = YES;
				CLANG_WARN_INFINITE_RECURSION = YES;
				CLANG_WARN_INT_CONVERSION = YES;
				CLANG_WARN_NON_LITERAL_NULL_CONVERSION = YES;
				CLANG_WARN_OBJC_IMPLICIT_RETAIN_SELF = YES;
				CLANG_WARN_OBJC_LITERAL_CONVERSION = YES;
				CLANG_WARN_OBJC_ROOT_CLASS = YES_ERROR;
				CLANG_WARN_QUOTED_INCLUDE_IN_FRAMEWORK_HEADER = YES;
				CLANG_WARN_RANGE_LOOP_ANALYSIS = YES;
				CLANG_WARN_STRICT_PROTOTYPES = YES;
				CLANG_WARN_SUSPICIOUS_MOVE = YES;
				CLANG_WARN_UNGUARDED_AVAILABILITY = YES_AGGRESSIVE;
				CLANG_WARN_UNREACHABLE_CODE = YES;
				CLANG_WARN__DUPLICATE_METHOD_MATCH = YES;
				COPY_PHASE_STRIP = NO;
				DEBUG_INFORMATION_FORMAT = "dwarf-with-dsym";
				ENABLE_NS_ASSERTIONS = NO;
				ENABLE_STRICT_OBJC_MSGSEND = YES;
				GCC_C_LANGUAGE_STANDARD = gnu11;
				GCC_NO_COMMON_BLOCKS = YES;
				GCC_WARN_64_TO_32_BIT_CONVERSION = YES;
				GCC_WARN_ABOUT_RETURN_TYPE = YES_ERROR;
				GCC_WARN_UNDECLARED_SELECTOR = YES;
				GCC_WARN_UNINITIALIZED_AUTOS = YES_AGGRESSIVE;
				GCC_WARN_UNUSED_FUNCTION = YES;
				GCC_WARN_UNUSED_VARIABLE = YES;
				IPHONEOS_DEPLOYMENT_TARGET = 15.5;
				MTL_ENABLE_DEBUG_INFO = NO;
				MTL_FAST_MATH = YES;
				SDKROOT = iphoneos;
				SWIFT_COMPILATION_MODE = wholemodule;
				SWIFT_OPTIMIZATION_LEVEL = "-O";
				VALIDATE_PRODUCT = YES;
			};
			name = Release;
		};
		178898362886BE3000B3E568 /* Debug */ = {
			isa = XCBuildConfiguration;
			buildSettings = {
				ASSETCATALOG_COMPILER_APPICON_NAME = AppIcon;
				ASSETCATALOG_COMPILER_GLOBAL_ACCENT_COLOR_NAME = AccentColor;
				CODE_SIGN_STYLE = Automatic;
				CURRENT_PROJECT_VERSION = 1;
				DEVELOPMENT_ASSET_PATHS = "\"FireBase-Template/Preview Content\"";
				DEVELOPMENT_TEAM = M44JKYSV88;
				ENABLE_PREVIEWS = YES;
				GENERATE_INFOPLIST_FILE = YES;
				INFOPLIST_KEY_UIApplicationSceneManifest_Generation = YES;
				INFOPLIST_KEY_UIApplicationSupportsIndirectInputEvents = YES;
				INFOPLIST_KEY_UILaunchScreen_Generation = YES;
				INFOPLIST_KEY_UISupportedInterfaceOrientations_iPad = "UIInterfaceOrientationPortrait UIInterfaceOrientationPortraitUpsideDown UIInterfaceOrientationLandscapeLeft UIInterfaceOrientationLandscapeRight";
				INFOPLIST_KEY_UISupportedInterfaceOrientations_iPhone = "UIInterfaceOrientationPortrait UIInterfaceOrientationLandscapeLeft UIInterfaceOrientationLandscapeRight";
				LD_RUNPATH_SEARCH_PATHS = (
					"$(inherited)",
					"@executable_path/Frameworks",
				);
				MARKETING_VERSION = 1.0;
				PRODUCT_BUNDLE_IDENTIFIER = "com.adnanalfadhli.FireBase-Template";
				PRODUCT_NAME = "$(TARGET_NAME)";
				SWIFT_EMIT_LOC_STRINGS = YES;
				SWIFT_VERSION = 5.0;
				TARGETED_DEVICE_FAMILY = "1,2";
			};
			name = Debug;
		};
		178898372886BE3000B3E568 /* Release */ = {
			isa = XCBuildConfiguration;
			buildSettings = {
				ASSETCATALOG_COMPILER_APPICON_NAME = AppIcon;
				ASSETCATALOG_COMPILER_GLOBAL_ACCENT_COLOR_NAME = AccentColor;
				CODE_SIGN_STYLE = Automatic;
				CURRENT_PROJECT_VERSION = 1;
				DEVELOPMENT_ASSET_PATHS = "\"FireBase-Template/Preview Content\"";
				DEVELOPMENT_TEAM = M44JKYSV88;
				ENABLE_PREVIEWS = YES;
				GENERATE_INFOPLIST_FILE = YES;
				INFOPLIST_KEY_UIApplicationSceneManifest_Generation = YES;
				INFOPLIST_KEY_UIApplicationSupportsIndirectInputEvents = YES;
				INFOPLIST_KEY_UILaunchScreen_Generation = YES;
				INFOPLIST_KEY_UISupportedInterfaceOrientations_iPad = "UIInterfaceOrientationPortrait UIInterfaceOrientationPortraitUpsideDown UIInterfaceOrientationLandscapeLeft UIInterfaceOrientationLandscapeRight";
				INFOPLIST_KEY_UISupportedInterfaceOrientations_iPhone = "UIInterfaceOrientationPortrait UIInterfaceOrientationLandscapeLeft UIInterfaceOrientationLandscapeRight";
				LD_RUNPATH_SEARCH_PATHS = (
					"$(inherited)",
					"@executable_path/Frameworks",
				);
				MARKETING_VERSION = 1.0;
				PRODUCT_BUNDLE_IDENTIFIER = "com.adnanalfadhli.FireBase-Template";
				PRODUCT_NAME = "$(TARGET_NAME)";
				SWIFT_EMIT_LOC_STRINGS = YES;
				SWIFT_VERSION = 5.0;
				TARGETED_DEVICE_FAMILY = "1,2";
			};
			name = Release;
		};
/* End XCBuildConfiguration section */

/* Begin XCConfigurationList section */
		178898222886BE2F00B3E568 /* Build configuration list for PBXProject "FireBase-Template" */ = {
			isa = XCConfigurationList;
			buildConfigurations = (
				178898332886BE3000B3E568 /* Debug */,
				178898342886BE3000B3E568 /* Release */,
			);
			defaultConfigurationIsVisible = 0;
			defaultConfigurationName = Release;
		};
		178898352886BE3000B3E568 /* Build configuration list for PBXNativeTarget "FireBase-Template" */ = {
			isa = XCConfigurationList;
			buildConfigurations = (
				178898362886BE3000B3E568 /* Debug */,
				178898372886BE3000B3E568 /* Release */,
			);
			defaultConfigurationIsVisible = 0;
			defaultConfigurationName = Release;
		};
/* End XCConfigurationList section */
	};
	rootObject = 1788981F2886BE2F00B3E568 /* Project object */;
}
